// !$*UTF8*$!
{
	archiveVersion = 1;
	classes = {
	};
	objectVersion = 56;
	objects = {

/* Begin PBXBuildFile section */
		18EA4E6C2B3EBF20000EFB92 /* App.swift in Sources */ = {isa = PBXBuildFile; fileRef = 18EA4E6B2B3EBF20000EFB92 /* App.swift */; };
		18EA4E702B3EBF20000EFB92 /* Assets.xcassets in Resources */ = {isa = PBXBuildFile; fileRef = 18EA4E6F2B3EBF20000EFB92 /* Assets.xcassets */; };
		18EA4E7C2B3EBF42000EFB92 /* Asset.swift in Sources */ = {isa = PBXBuildFile; fileRef = 18EA4E7B2B3EBF42000EFB92 /* Asset.swift */; };
		18EA4E7F2B3EC061000EFB92 /* SQLite in Frameworks */ = {isa = PBXBuildFile; productRef = 18EA4E7E2B3EC061000EFB92 /* SQLite */; };
		18EA4E842B3EC398000EFB92 /* AssetManager.swift in Sources */ = {isa = PBXBuildFile; fileRef = 18EA4E832B3EC398000EFB92 /* AssetManager.swift */; };
		18EA4E862B3EC489000EFB92 /* AssetReader.swift in Sources */ = {isa = PBXBuildFile; fileRef = 18EA4E852B3EC489000EFB92 /* AssetReader.swift */; };
		18EA4E882B3EC4AA000EFB92 /* AssetWriter.swift in Sources */ = {isa = PBXBuildFile; fileRef = 18EA4E872B3EC4AA000EFB92 /* AssetWriter.swift */; };
		18EA4E8A2B3EC4BE000EFB92 /* AssetReaderSQLite.swift in Sources */ = {isa = PBXBuildFile; fileRef = 18EA4E892B3EC4BE000EFB92 /* AssetReaderSQLite.swift */; };
		18EA4E8E2B3EC9A2000EFB92 /* AssetsPage.swift in Sources */ = {isa = PBXBuildFile; fileRef = 18EA4E8D2B3EC9A2000EFB92 /* AssetsPage.swift */; };
		18EA4E932B3EF641000EFB92 /* AssetWriterSQLite.swift in Sources */ = {isa = PBXBuildFile; fileRef = 18EA4E922B3EF641000EFB92 /* AssetWriterSQLite.swift */; };
		18EA4E962B3EF69A000EFB92 /* AssetSQLite.swift in Sources */ = {isa = PBXBuildFile; fileRef = 18EA4E952B3EF69A000EFB92 /* AssetSQLite.swift */; };
		18EA4E982B3F4B54000EFB92 /* AssetViewer.sqlite in Resources */ = {isa = PBXBuildFile; fileRef = 18EA4E972B3F4B54000EFB92 /* AssetViewer.sqlite */; };
		18EA4E9A2B40958E000EFB92 /* AssetDetail.swift in Sources */ = {isa = PBXBuildFile; fileRef = 18EA4E992B40958E000EFB92 /* AssetDetail.swift */; };
		18EA4E9C2B409DDD000EFB92 /* LoadingOverlay.swift in Sources */ = {isa = PBXBuildFile; fileRef = 18EA4E9B2B409DDD000EFB92 /* LoadingOverlay.swift */; };
		18EA4E9E2B45D236000EFB92 /* AssetRow.swift in Sources */ = {isa = PBXBuildFile; fileRef = 18EA4E9D2B45D236000EFB92 /* AssetRow.swift */; };
/* End PBXBuildFile section */

/* Begin PBXFileReference section */
		18EA4E682B3EBF20000EFB92 /* AssetViewerSQLite.app */ = {isa = PBXFileReference; explicitFileType = wrapper.application; includeInIndex = 0; path = AssetViewerSQLite.app; sourceTree = BUILT_PRODUCTS_DIR; };
		18EA4E6B2B3EBF20000EFB92 /* App.swift */ = {isa = PBXFileReference; lastKnownFileType = sourcecode.swift; path = App.swift; sourceTree = "<group>"; };
		18EA4E6F2B3EBF20000EFB92 /* Assets.xcassets */ = {isa = PBXFileReference; lastKnownFileType = folder.assetcatalog; path = Assets.xcassets; sourceTree = "<group>"; };
		18EA4E7B2B3EBF42000EFB92 /* Asset.swift */ = {isa = PBXFileReference; lastKnownFileType = sourcecode.swift; path = Asset.swift; sourceTree = "<group>"; };
		18EA4E832B3EC398000EFB92 /* AssetManager.swift */ = {isa = PBXFileReference; lastKnownFileType = sourcecode.swift; path = AssetManager.swift; sourceTree = "<group>"; };
		18EA4E852B3EC489000EFB92 /* AssetReader.swift */ = {isa = PBXFileReference; lastKnownFileType = sourcecode.swift; path = AssetReader.swift; sourceTree = "<group>"; };
		18EA4E872B3EC4AA000EFB92 /* AssetWriter.swift */ = {isa = PBXFileReference; lastKnownFileType = sourcecode.swift; path = AssetWriter.swift; sourceTree = "<group>"; };
		18EA4E892B3EC4BE000EFB92 /* AssetReaderSQLite.swift */ = {isa = PBXFileReference; lastKnownFileType = sourcecode.swift; path = AssetReaderSQLite.swift; sourceTree = "<group>"; };
		18EA4E8D2B3EC9A2000EFB92 /* AssetsPage.swift */ = {isa = PBXFileReference; lastKnownFileType = sourcecode.swift; path = AssetsPage.swift; sourceTree = "<group>"; };
		18EA4E922B3EF641000EFB92 /* AssetWriterSQLite.swift */ = {isa = PBXFileReference; lastKnownFileType = sourcecode.swift; path = AssetWriterSQLite.swift; sourceTree = "<group>"; };
		18EA4E952B3EF69A000EFB92 /* AssetSQLite.swift */ = {isa = PBXFileReference; lastKnownFileType = sourcecode.swift; path = AssetSQLite.swift; sourceTree = "<group>"; };
		18EA4E972B3F4B54000EFB92 /* AssetViewer.sqlite */ = {isa = PBXFileReference; lastKnownFileType = file; path = AssetViewer.sqlite; sourceTree = "<group>"; };
		18EA4E992B40958E000EFB92 /* AssetDetail.swift */ = {isa = PBXFileReference; lastKnownFileType = sourcecode.swift; path = AssetDetail.swift; sourceTree = "<group>"; };
		18EA4E9B2B409DDD000EFB92 /* LoadingOverlay.swift */ = {isa = PBXFileReference; lastKnownFileType = sourcecode.swift; path = LoadingOverlay.swift; sourceTree = "<group>"; };
		18EA4E9D2B45D236000EFB92 /* AssetRow.swift */ = {isa = PBXFileReference; lastKnownFileType = sourcecode.swift; path = AssetRow.swift; sourceTree = "<group>"; };
/* End PBXFileReference section */

/* Begin PBXFrameworksBuildPhase section */
		18EA4E652B3EBF20000EFB92 /* Frameworks */ = {
			isa = PBXFrameworksBuildPhase;
			buildActionMask = 2147483647;
			files = (
				18EA4E7F2B3EC061000EFB92 /* SQLite in Frameworks */,
			);
			runOnlyForDeploymentPostprocessing = 0;
		};
/* End PBXFrameworksBuildPhase section */

/* Begin PBXGroup section */
		18EA4E5F2B3EBF20000EFB92 = {
			isa = PBXGroup;
			children = (
				18EA4E6A2B3EBF20000EFB92 /* AssetViewerSQLite */,
				18EA4E692B3EBF20000EFB92 /* Products */,
			);
			sourceTree = "<group>";
		};
		18EA4E692B3EBF20000EFB92 /* Products */ = {
			isa = PBXGroup;
			children = (
				18EA4E682B3EBF20000EFB92 /* AssetViewerSQLite.app */,
			);
			name = Products;
			sourceTree = "<group>";
		};
		18EA4E6A2B3EBF20000EFB92 /* AssetViewerSQLite */ = {
			isa = PBXGroup;
			children = (
				18EA4E6B2B3EBF20000EFB92 /* App.swift */,
				18EA4E792B3EBF34000EFB92 /* Core */,
				18EA4E802B3EC300000EFB92 /* Resources */,
				18EA4E7A2B3EBF3A000EFB92 /* UI */,
			);
			path = AssetViewerSQLite;
			sourceTree = "<group>";
		};
		18EA4E792B3EBF34000EFB92 /* Core */ = {
			isa = PBXGroup;
			children = (
				18EA4E942B3EF68B000EFB92 /* SQLite */,
				18EA4E7B2B3EBF42000EFB92 /* Asset.swift */,
				18EA4E832B3EC398000EFB92 /* AssetManager.swift */,
				18EA4E852B3EC489000EFB92 /* AssetReader.swift */,
				18EA4E872B3EC4AA000EFB92 /* AssetWriter.swift */,
			);
			path = Core;
			sourceTree = "<group>";
		};
		18EA4E7A2B3EBF3A000EFB92 /* UI */ = {
			isa = PBXGroup;
			children = (
				18EA4E8D2B3EC9A2000EFB92 /* AssetsPage.swift */,
				18EA4E992B40958E000EFB92 /* AssetDetail.swift */,
				18EA4E9B2B409DDD000EFB92 /* LoadingOverlay.swift */,
				18EA4E9D2B45D236000EFB92 /* AssetRow.swift */,
			);
			path = UI;
			sourceTree = "<group>";
		};
		18EA4E802B3EC300000EFB92 /* Resources */ = {
			isa = PBXGroup;
			children = (
				18EA4E6F2B3EBF20000EFB92 /* Assets.xcassets */,
				18EA4E972B3F4B54000EFB92 /* AssetViewer.sqlite */,
			);
			path = Resources;
			sourceTree = "<group>";
		};
		18EA4E942B3EF68B000EFB92 /* SQLite */ = {
			isa = PBXGroup;
			children = (
				18EA4E892B3EC4BE000EFB92 /* AssetReaderSQLite.swift */,
				18EA4E922B3EF641000EFB92 /* AssetWriterSQLite.swift */,
				18EA4E952B3EF69A000EFB92 /* AssetSQLite.swift */,
			);
			path = SQLite;
			sourceTree = "<group>";
		};
/* End PBXGroup section */

/* Begin PBXNativeTarget section */
		18EA4E672B3EBF20000EFB92 /* AssetViewerSQLite */ = {
			isa = PBXNativeTarget;
			buildConfigurationList = 18EA4E762B3EBF20000EFB92 /* Build configuration list for PBXNativeTarget "AssetViewerSQLite" */;
			buildPhases = (
				18EA4E642B3EBF20000EFB92 /* Sources */,
				18EA4E652B3EBF20000EFB92 /* Frameworks */,
				18EA4E662B3EBF20000EFB92 /* Resources */,
			);
			buildRules = (
			);
			dependencies = (
			);
			name = AssetViewerSQLite;
			packageProductDependencies = (
				18EA4E7E2B3EC061000EFB92 /* SQLite */,
			);
			productName = AssetViewerSQLite;
			productReference = 18EA4E682B3EBF20000EFB92 /* AssetViewerSQLite.app */;
			productType = "com.apple.product-type.application";
		};
/* End PBXNativeTarget section */

/* Begin PBXProject section */
		18EA4E602B3EBF20000EFB92 /* Project object */ = {
			isa = PBXProject;
			attributes = {
				BuildIndependentTargetsInParallel = 1;
				LastSwiftUpdateCheck = 1500;
				LastUpgradeCheck = 1500;
				TargetAttributes = {
					18EA4E672B3EBF20000EFB92 = {
						CreatedOnToolsVersion = 15.0;
					};
				};
			};
			buildConfigurationList = 18EA4E632B3EBF20000EFB92 /* Build configuration list for PBXProject "AssetViewerSQLite" */;
			compatibilityVersion = "Xcode 14.0";
			developmentRegion = en;
			hasScannedForEncodings = 0;
			knownRegions = (
				en,
				Base,
			);
			mainGroup = 18EA4E5F2B3EBF20000EFB92;
			packageReferences = (
				18EA4E7D2B3EC061000EFB92 /* XCRemoteSwiftPackageReference "SQLite" */,
			);
			productRefGroup = 18EA4E692B3EBF20000EFB92 /* Products */;
			projectDirPath = "";
			projectRoot = "";
			targets = (
				18EA4E672B3EBF20000EFB92 /* AssetViewerSQLite */,
			);
		};
/* End PBXProject section */

/* Begin PBXResourcesBuildPhase section */
		18EA4E662B3EBF20000EFB92 /* Resources */ = {
			isa = PBXResourcesBuildPhase;
			buildActionMask = 2147483647;
			files = (
				18EA4E982B3F4B54000EFB92 /* AssetViewer.sqlite in Resources */,
				18EA4E702B3EBF20000EFB92 /* Assets.xcassets in Resources */,
			);
			runOnlyForDeploymentPostprocessing = 0;
		};
/* End PBXResourcesBuildPhase section */

/* Begin PBXSourcesBuildPhase section */
		18EA4E642B3EBF20000EFB92 /* Sources */ = {
			isa = PBXSourcesBuildPhase;
			buildActionMask = 2147483647;
			files = (
				18EA4E962B3EF69A000EFB92 /* AssetSQLite.swift in Sources */,
				18EA4E9E2B45D236000EFB92 /* AssetRow.swift in Sources */,
				18EA4E842B3EC398000EFB92 /* AssetManager.swift in Sources */,
				18EA4E932B3EF641000EFB92 /* AssetWriterSQLite.swift in Sources */,
				18EA4E9C2B409DDD000EFB92 /* LoadingOverlay.swift in Sources */,
				18EA4E8E2B3EC9A2000EFB92 /* AssetsPage.swift in Sources */,
				18EA4E862B3EC489000EFB92 /* AssetReader.swift in Sources */,
				18EA4E9A2B40958E000EFB92 /* AssetDetail.swift in Sources */,
				18EA4E7C2B3EBF42000EFB92 /* Asset.swift in Sources */,
				18EA4E6C2B3EBF20000EFB92 /* App.swift in Sources */,
				18EA4E882B3EC4AA000EFB92 /* AssetWriter.swift in Sources */,
				18EA4E8A2B3EC4BE000EFB92 /* AssetReaderSQLite.swift in Sources */,
			);
			runOnlyForDeploymentPostprocessing = 0;
		};
/* End PBXSourcesBuildPhase section */

/* Begin XCBuildConfiguration section */
		18EA4E742B3EBF20000EFB92 /* Debug */ = {
			isa = XCBuildConfiguration;
			buildSettings = {
				ALWAYS_SEARCH_USER_PATHS = NO;
				ASSETCATALOG_COMPILER_GENERATE_SWIFT_ASSET_SYMBOL_EXTENSIONS = YES;
				CLANG_ANALYZER_NONNULL = YES;
				CLANG_ANALYZER_NUMBER_OBJECT_CONVERSION = YES_AGGRESSIVE;
				CLANG_CXX_LANGUAGE_STANDARD = "gnu++20";
				CLANG_ENABLE_MODULES = YES;
				CLANG_ENABLE_OBJC_ARC = YES;
				CLANG_ENABLE_OBJC_WEAK = YES;
				CLANG_WARN_BLOCK_CAPTURE_AUTORELEASING = YES;
				CLANG_WARN_BOOL_CONVERSION = YES;
				CLANG_WARN_COMMA = YES;
				CLANG_WARN_CONSTANT_CONVERSION = YES;
				CLANG_WARN_DEPRECATED_OBJC_IMPLEMENTATIONS = YES;
				CLANG_WARN_DIRECT_OBJC_ISA_USAGE = YES_ERROR;
				CLANG_WARN_DOCUMENTATION_COMMENTS = YES;
				CLANG_WARN_EMPTY_BODY = YES;
				CLANG_WARN_ENUM_CONVERSION = YES;
				CLANG_WARN_INFINITE_RECURSION = YES;
				CLANG_WARN_INT_CONVERSION = YES;
				CLANG_WARN_NON_LITERAL_NULL_CONVERSION = YES;
				CLANG_WARN_OBJC_IMPLICIT_RETAIN_SELF = YES;
				CLANG_WARN_OBJC_LITERAL_CONVERSION = YES;
				CLANG_WARN_OBJC_ROOT_CLASS = YES_ERROR;
				CLANG_WARN_QUOTED_INCLUDE_IN_FRAMEWORK_HEADER = YES;
				CLANG_WARN_RANGE_LOOP_ANALYSIS = YES;
				CLANG_WARN_STRICT_PROTOTYPES = YES;
				CLANG_WARN_SUSPICIOUS_MOVE = YES;
				CLANG_WARN_UNGUARDED_AVAILABILITY = YES_AGGRESSIVE;
				CLANG_WARN_UNREACHABLE_CODE = YES;
				CLANG_WARN__DUPLICATE_METHOD_MATCH = YES;
				COPY_PHASE_STRIP = NO;
				DEBUG_INFORMATION_FORMAT = dwarf;
				ENABLE_STRICT_OBJC_MSGSEND = YES;
				ENABLE_TESTABILITY = YES;
				ENABLE_USER_SCRIPT_SANDBOXING = YES;
				GCC_C_LANGUAGE_STANDARD = gnu17;
				GCC_DYNAMIC_NO_PIC = NO;
				GCC_NO_COMMON_BLOCKS = YES;
				GCC_OPTIMIZATION_LEVEL = 0;
				GCC_PREPROCESSOR_DEFINITIONS = (
					"DEBUG=1",
					"$(inherited)",
				);
				GCC_WARN_64_TO_32_BIT_CONVERSION = YES;
				GCC_WARN_ABOUT_RETURN_TYPE = YES_ERROR;
				GCC_WARN_UNDECLARED_SELECTOR = YES;
				GCC_WARN_UNINITIALIZED_AUTOS = YES_AGGRESSIVE;
				GCC_WARN_UNUSED_FUNCTION = YES;
				GCC_WARN_UNUSED_VARIABLE = YES;
				IPHONEOS_DEPLOYMENT_TARGET = 17.0;
				LOCALIZATION_PREFERS_STRING_CATALOGS = YES;
				MTL_ENABLE_DEBUG_INFO = INCLUDE_SOURCE;
				MTL_FAST_MATH = YES;
				ONLY_ACTIVE_ARCH = YES;
				SDKROOT = iphoneos;
				SWIFT_ACTIVE_COMPILATION_CONDITIONS = "DEBUG $(inherited)";
				SWIFT_OPTIMIZATION_LEVEL = "-Onone";
			};
			name = Debug;
		};
		18EA4E752B3EBF20000EFB92 /* Release */ = {
			isa = XCBuildConfiguration;
			buildSettings = {
				ALWAYS_SEARCH_USER_PATHS = NO;
				ASSETCATALOG_COMPILER_GENERATE_SWIFT_ASSET_SYMBOL_EXTENSIONS = YES;
				CLANG_ANALYZER_NONNULL = YES;
				CLANG_ANALYZER_NUMBER_OBJECT_CONVERSION = YES_AGGRESSIVE;
				CLANG_CXX_LANGUAGE_STANDARD = "gnu++20";
				CLANG_ENABLE_MODULES = YES;
				CLANG_ENABLE_OBJC_ARC = YES;
				CLANG_ENABLE_OBJC_WEAK = YES;
				CLANG_WARN_BLOCK_CAPTURE_AUTORELEASING = YES;
				CLANG_WARN_BOOL_CONVERSION = YES;
				CLANG_WARN_COMMA = YES;
				CLANG_WARN_CONSTANT_CONVERSION = YES;
				CLANG_WARN_DEPRECATED_OBJC_IMPLEMENTATIONS = YES;
				CLANG_WARN_DIRECT_OBJC_ISA_USAGE = YES_ERROR;
				CLANG_WARN_DOCUMENTATION_COMMENTS = YES;
				CLANG_WARN_EMPTY_BODY = YES;
				CLANG_WARN_ENUM_CONVERSION = YES;
				CLANG_WARN_INFINITE_RECURSION = YES;
				CLANG_WARN_INT_CONVERSION = YES;
				CLANG_WARN_NON_LITERAL_NULL_CONVERSION = YES;
				CLANG_WARN_OBJC_IMPLICIT_RETAIN_SELF = YES;
				CLANG_WARN_OBJC_LITERAL_CONVERSION = YES;
				CLANG_WARN_OBJC_ROOT_CLASS = YES_ERROR;
				CLANG_WARN_QUOTED_INCLUDE_IN_FRAMEWORK_HEADER = YES;
				CLANG_WARN_RANGE_LOOP_ANALYSIS = YES;
				CLANG_WARN_STRICT_PROTOTYPES = YES;
				CLANG_WARN_SUSPICIOUS_MOVE = YES;
				CLANG_WARN_UNGUARDED_AVAILABILITY = YES_AGGRESSIVE;
				CLANG_WARN_UNREACHABLE_CODE = YES;
				CLANG_WARN__DUPLICATE_METHOD_MATCH = YES;
				COPY_PHASE_STRIP = NO;
				DEBUG_INFORMATION_FORMAT = "dwarf-with-dsym";
				ENABLE_NS_ASSERTIONS = NO;
				ENABLE_STRICT_OBJC_MSGSEND = YES;
				ENABLE_USER_SCRIPT_SANDBOXING = YES;
				GCC_C_LANGUAGE_STANDARD = gnu17;
				GCC_NO_COMMON_BLOCKS = YES;
				GCC_WARN_64_TO_32_BIT_CONVERSION = YES;
				GCC_WARN_ABOUT_RETURN_TYPE = YES_ERROR;
				GCC_WARN_UNDECLARED_SELECTOR = YES;
				GCC_WARN_UNINITIALIZED_AUTOS = YES_AGGRESSIVE;
				GCC_WARN_UNUSED_FUNCTION = YES;
				GCC_WARN_UNUSED_VARIABLE = YES;
				IPHONEOS_DEPLOYMENT_TARGET = 17.0;
				LOCALIZATION_PREFERS_STRING_CATALOGS = YES;
				MTL_ENABLE_DEBUG_INFO = NO;
				MTL_FAST_MATH = YES;
				SDKROOT = iphoneos;
				SWIFT_COMPILATION_MODE = wholemodule;
				VALIDATE_PRODUCT = YES;
			};
			name = Release;
		};
		18EA4E772B3EBF20000EFB92 /* Debug */ = {
			isa = XCBuildConfiguration;
			buildSettings = {
				ASSETCATALOG_COMPILER_APPICON_NAME = AppIcon;
				ASSETCATALOG_COMPILER_GLOBAL_ACCENT_COLOR_NAME = AccentColor;
				CODE_SIGN_STYLE = Automatic;
				CURRENT_PROJECT_VERSION = 1;
				DEVELOPMENT_ASSET_PATHS = "";
				DEVELOPMENT_TEAM = 4UA7W8VRF2;
				ENABLE_PREVIEWS = YES;
				GENERATE_INFOPLIST_FILE = YES;
				INFOPLIST_KEY_UIApplicationSceneManifest_Generation = YES;
				INFOPLIST_KEY_UIApplicationSupportsIndirectInputEvents = YES;
				INFOPLIST_KEY_UILaunchScreen_Generation = YES;
				INFOPLIST_KEY_UISupportedInterfaceOrientations_iPad = "UIInterfaceOrientationPortrait UIInterfaceOrientationPortraitUpsideDown UIInterfaceOrientationLandscapeLeft UIInterfaceOrientationLandscapeRight";
				INFOPLIST_KEY_UISupportedInterfaceOrientations_iPhone = "UIInterfaceOrientationPortrait UIInterfaceOrientationLandscapeLeft UIInterfaceOrientationLandscapeRight";
				LD_RUNPATH_SEARCH_PATHS = (
					"$(inherited)",
					"@executable_path/Frameworks",
				);
				MARKETING_VERSION = 1.0;
				PRODUCT_BUNDLE_IDENTIFIER = aletos.dev.AssetViewerSQLite;
				PRODUCT_NAME = "$(TARGET_NAME)";
				SWIFT_EMIT_LOC_STRINGS = YES;
				SWIFT_VERSION = 5.0;
				TARGETED_DEVICE_FAMILY = "1,2";
			};
			name = Debug;
		};
		18EA4E782B3EBF20000EFB92 /* Release */ = {
			isa = XCBuildConfiguration;
			buildSettings = {
				ASSETCATALOG_COMPILER_APPICON_NAME = AppIcon;
				ASSETCATALOG_COMPILER_GLOBAL_ACCENT_COLOR_NAME = AccentColor;
				CODE_SIGN_STYLE = Automatic;
				CURRENT_PROJECT_VERSION = 1;
				DEVELOPMENT_ASSET_PATHS = "";
				DEVELOPMENT_TEAM = 4UA7W8VRF2;
				ENABLE_PREVIEWS = YES;
				GENERATE_INFOPLIST_FILE = YES;
				INFOPLIST_KEY_UIApplicationSceneManifest_Generation = YES;
				INFOPLIST_KEY_UIApplicationSupportsIndirectInputEvents = YES;
				INFOPLIST_KEY_UILaunchScreen_Generation = YES;
				INFOPLIST_KEY_UISupportedInterfaceOrientations_iPad = "UIInterfaceOrientationPortrait UIInterfaceOrientationPortraitUpsideDown UIInterfaceOrientationLandscapeLeft UIInterfaceOrientationLandscapeRight";
				INFOPLIST_KEY_UISupportedInterfaceOrientations_iPhone = "UIInterfaceOrientationPortrait UIInterfaceOrientationLandscapeLeft UIInterfaceOrientationLandscapeRight";
				LD_RUNPATH_SEARCH_PATHS = (
					"$(inherited)",
					"@executable_path/Frameworks",
				);
				MARKETING_VERSION = 1.0;
				PRODUCT_BUNDLE_IDENTIFIER = aletos.dev.AssetViewerSQLite;
				PRODUCT_NAME = "$(TARGET_NAME)";
				SWIFT_EMIT_LOC_STRINGS = YES;
				SWIFT_VERSION = 5.0;
				TARGETED_DEVICE_FAMILY = "1,2";
			};
			name = Release;
		};
/* End XCBuildConfiguration section */

/* Begin XCConfigurationList section */
		18EA4E632B3EBF20000EFB92 /* Build configuration list for PBXProject "AssetViewerSQLite" */ = {
			isa = XCConfigurationList;
			buildConfigurations = (
				18EA4E742B3EBF20000EFB92 /* Debug */,
				18EA4E752B3EBF20000EFB92 /* Release */,
			);
			defaultConfigurationIsVisible = 0;
			defaultConfigurationName = Release;
		};
		18EA4E762B3EBF20000EFB92 /* Build configuration list for PBXNativeTarget "AssetViewerSQLite" */ = {
			isa = XCConfigurationList;
			buildConfigurations = (
				18EA4E772B3EBF20000EFB92 /* Debug */,
				18EA4E782B3EBF20000EFB92 /* Release */,
			);
			defaultConfigurationIsVisible = 0;
			defaultConfigurationName = Release;
		};
/* End XCConfigurationList section */

/* Begin XCRemoteSwiftPackageReference section */
		18EA4E7D2B3EC061000EFB92 /* XCRemoteSwiftPackageReference "SQLite" */ = {
			isa = XCRemoteSwiftPackageReference;
			repositoryURL = "https://github.com/stephencelis/SQLite.swift";
			requirement = {
				kind = upToNextMajorVersion;
				minimumVersion = 0.14.1;
			};
		};
/* End XCRemoteSwiftPackageReference section */

/* Begin XCSwiftPackageProductDependency section */
		18EA4E7E2B3EC061000EFB92 /* SQLite */ = {
			isa = XCSwiftPackageProductDependency;
			package = 18EA4E7D2B3EC061000EFB92 /* XCRemoteSwiftPackageReference "SQLite" */;
			productName = SQLite;
		};
/* End XCSwiftPackageProductDependency section */
	};
	rootObject = 18EA4E602B3EBF20000EFB92 /* Project object */;
}
